
Microsoft Visual Studio Solution File, Format Version 12.00
# Visual Studio Version 17
VisualStudioVersion = 17.14.36414.22 d17.14
MinimumVisualStudioVersion = 10.0.40219.1
Project("{8BC9CEB8-8B4A-11D0-8D11-00A0C91BC942}") = "reco_chess.c", "reco_chess.c\reco_chess.c.vcxproj", "{FBEC45D9-0B60-4D80-88EB-34BF49EABCC1}"
EndProject
Global
	GlobalSection(SolutionConfigurationPlatforms) = preSolution
		Debug|x64 = Debug|x64
		Debug|x86 = Debug|x86
		Release|x64 = Release|x64
		Release|x86 = Release|x86
	EndGlobalSection
	GlobalSection(ProjectConfigurationPlatforms) = postSolution
		{FBEC45D9-0B60-4D80-88EB-34BF49EABCC1}.Debug|x64.ActiveCfg = Debug|x64
		{FBEC45D9-0B60-4D80-88EB-34BF49EABCC1}.Debug|x64.Build.0 = Debug|x64
		{FBEC45D9-0B60-4D80-88EB-34BF49EABCC1}.Debug|x86.ActiveCfg = Debug|Win32
		{FBEC45D9-0B60-4D80-88EB-34BF49EABCC1}.Debug|x86.Build.0 = Debug|Win32
		{FBEC45D9-0B60-4D80-88EB-34BF49EABCC1}.Release|x64.ActiveCfg = Release|x64
		{FBEC45D9-0B60-4D80-88EB-34BF49EABCC1}.Release|x64.Build.0 = Release|x64
		{FBEC45D9-0B60-4D80-88EB-34BF49EABCC1}.Release|x86.ActiveCfg = Release|Win32
		{FBEC45D9-0B60-4D80-88EB-34BF49EABCC1}.Release|x86.Build.0 = Release|Win32
	EndGlobalSection
	GlobalSection(SolutionProperties) = preSolution
		HideSolutionNode = FALSE
	EndGlobalSection
	GlobalSection(ExtensibilityGlobals) = postSolution
		SolutionGuid = {467F3302-F109-406A-AA9A-5428A1ACD040}
	EndGlobalSection
EndGlobal
