
Microsoft Visual Studio Solution File, Format Version 12.00
# Visual Studio Version 17
VisualStudioVersion = 17.14.36310.24 d17.14
MinimumVisualStudioVersion = 10.0.40219.1
Project("{8BC9CEB8-8B4A-11D0-8D11-00A0C91BC942}") = "greedy_snakeDEEPSEEK", "greedy_snakeDEEPSEEK\greedy_snakeDEEPSEEK.vcxproj", "{6294A1A8-6F70-460B-AFE9-FCB4FB0C96A4}"
EndProject
Global
	GlobalSection(SolutionConfigurationPlatforms) = preSolution
		Debug|x64 = Debug|x64
		Debug|x86 = Debug|x86
		Release|x64 = Release|x64
		Release|x86 = Release|x86
	EndGlobalSection
	GlobalSection(ProjectConfigurationPlatforms) = postSolution
		{6294A1A8-6F70-460B-AFE9-FCB4FB0C96A4}.Debug|x64.ActiveCfg = Debug|x64
		{6294A1A8-6F70-460B-AFE9-FCB4FB0C96A4}.Debug|x64.Build.0 = Debug|x64
		{6294A1A8-6F70-460B-AFE9-FCB4FB0C96A4}.Debug|x86.ActiveCfg = Debug|Win32
		{6294A1A8-6F70-460B-AFE9-FCB4FB0C96A4}.Debug|x86.Build.0 = Debug|Win32
		{6294A1A8-6F70-460B-AFE9-FCB4FB0C96A4}.Release|x64.ActiveCfg = Release|x64
		{6294A1A8-6F70-460B-AFE9-FCB4FB0C96A4}.Release|x64.Build.0 = Release|x64
		{6294A1A8-6F70-460B-AFE9-FCB4FB0C96A4}.Release|x86.ActiveCfg = Release|Win32
		{6294A1A8-6F70-460B-AFE9-FCB4FB0C96A4}.Release|x86.Build.0 = Release|Win32
	EndGlobalSection
	GlobalSection(SolutionProperties) = preSolution
		HideSolutionNode = FALSE
	EndGlobalSection
	GlobalSection(ExtensibilityGlobals) = postSolution
		SolutionGuid = {94528A63-780A-4A27-BFB1-19553B5DA91B}
	EndGlobalSection
EndGlobal
