
Microsoft Visual Studio Solution File, Format Version 12.00
# Visual Studio Version 17
VisualStudioVersion = 17.14.36414.22 d17.14
MinimumVisualStudioVersion = 10.0.40219.1
Project("{8BC9CEB8-8B4A-11D0-8D11-00A0C91BC942}") = "maximum", "maximum\maximum.vcxproj", "{B9A1718C-240C-469B-B3C4-AFE9E82968A4}"
EndProject
Global
	GlobalSection(SolutionConfigurationPlatforms) = preSolution
		Debug|x64 = Debug|x64
		Debug|x86 = Debug|x86
		Release|x64 = Release|x64
		Release|x86 = Release|x86
	EndGlobalSection
	GlobalSection(ProjectConfigurationPlatforms) = postSolution
		{B9A1718C-240C-469B-B3C4-AFE9E82968A4}.Debug|x64.ActiveCfg = Debug|x64
		{B9A1718C-240C-469B-B3C4-AFE9E82968A4}.Debug|x64.Build.0 = Debug|x64
		{B9A1718C-240C-469B-B3C4-AFE9E82968A4}.Debug|x86.ActiveCfg = Debug|Win32
		{B9A1718C-240C-469B-B3C4-AFE9E82968A4}.Debug|x86.Build.0 = Debug|Win32
		{B9A1718C-240C-469B-B3C4-AFE9E82968A4}.Release|x64.ActiveCfg = Release|x64
		{B9A1718C-240C-469B-B3C4-AFE9E82968A4}.Release|x64.Build.0 = Release|x64
		{B9A1718C-240C-469B-B3C4-AFE9E82968A4}.Release|x86.ActiveCfg = Release|Win32
		{B9A1718C-240C-469B-B3C4-AFE9E82968A4}.Release|x86.Build.0 = Release|Win32
	EndGlobalSection
	GlobalSection(SolutionProperties) = preSolution
		HideSolutionNode = FALSE
	EndGlobalSection
	GlobalSection(ExtensibilityGlobals) = postSolution
		SolutionGuid = {55CE874F-3A67-47F2-893B-D5F46398FF86}
	EndGlobalSection
EndGlobal
