
Microsoft Visual Studio Solution File, Format Version 12.00
# Visual Studio Version 17
VisualStudioVersion = 17.14.36414.22 d17.14
MinimumVisualStudioVersion = 10.0.40219.1
Project("{8BC9CEB8-8B4A-11D0-8D11-00A0C91BC942}") = "while", "while\while.vcxproj", "{86D736DE-5F6F-4622-BB23-436F8718A7CF}"
EndProject
Global
	GlobalSection(SolutionConfigurationPlatforms) = preSolution
		Debug|x64 = Debug|x64
		Debug|x86 = Debug|x86
		Release|x64 = Release|x64
		Release|x86 = Release|x86
	EndGlobalSection
	GlobalSection(ProjectConfigurationPlatforms) = postSolution
		{86D736DE-5F6F-4622-BB23-436F8718A7CF}.Debug|x64.ActiveCfg = Debug|x64
		{86D736DE-5F6F-4622-BB23-436F8718A7CF}.Debug|x64.Build.0 = Debug|x64
		{86D736DE-5F6F-4622-BB23-436F8718A7CF}.Debug|x86.ActiveCfg = Debug|Win32
		{86D736DE-5F6F-4622-BB23-436F8718A7CF}.Debug|x86.Build.0 = Debug|Win32
		{86D736DE-5F6F-4622-BB23-436F8718A7CF}.Release|x64.ActiveCfg = Release|x64
		{86D736DE-5F6F-4622-BB23-436F8718A7CF}.Release|x64.Build.0 = Release|x64
		{86D736DE-5F6F-4622-BB23-436F8718A7CF}.Release|x86.ActiveCfg = Release|Win32
		{86D736DE-5F6F-4622-BB23-436F8718A7CF}.Release|x86.Build.0 = Release|Win32
	EndGlobalSection
	GlobalSection(SolutionProperties) = preSolution
		HideSolutionNode = FALSE
	EndGlobalSection
	GlobalSection(ExtensibilityGlobals) = postSolution
		SolutionGuid = {FE84942B-4021-4C8D-8E98-257C0F72C35D}
	EndGlobalSection
EndGlobal
